
Microsoft Visual Studio Solution File, Format Version 12.00
# Visual Studio Version 16
VisualStudioVersion = 16.0.30503.244
MinimumVisualStudioVersion = 10.0.40219.1
Project("{FAE04EC0-301F-11D3-BF4B-00C04F79EFBC}") = "ESBservice", "ESBservice\ESBservice.csproj", "{95ACA0FB-3738-4315-9311-5BF731EA150E}"
EndProject
Project("{FAE04EC0-301F-11D3-BF4B-00C04F79EFBC}") = "IngoingConnectionPointRabbitMQ", "IngoingConnectionPointRabbitMQ\IngoingConnectionPointRabbitMQ.csproj", "{5E38CE89-889D-46FD-A8AB-F5E95F7E071E}"
EndProject
Global
	GlobalSection(SolutionConfigurationPlatforms) = preSolution
		Debug|Any CPU = Debug|Any CPU
		Release|Any CPU = Release|Any CPU
	EndGlobalSection
	GlobalSection(ProjectConfigurationPlatforms) = postSolution
		{95ACA0FB-3738-4315-9311-5BF731EA150E}.Debug|Any CPU.ActiveCfg = Debug|Any CPU
		{95ACA0FB-3738-4315-9311-5BF731EA150E}.Debug|Any CPU.Build.0 = Debug|Any CPU
		{95ACA0FB-3738-4315-9311-5BF731EA150E}.Release|Any CPU.ActiveCfg = Release|Any CPU
		{95ACA0FB-3738-4315-9311-5BF731EA150E}.Release|Any CPU.Build.0 = Release|Any CPU
		{5E38CE89-889D-46FD-A8AB-F5E95F7E071E}.Debug|Any CPU.ActiveCfg = Debug|Any CPU
		{5E38CE89-889D-46FD-A8AB-F5E95F7E071E}.Debug|Any CPU.Build.0 = Debug|Any CPU
		{5E38CE89-889D-46FD-A8AB-F5E95F7E071E}.Release|Any CPU.ActiveCfg = Release|Any CPU
		{5E38CE89-889D-46FD-A8AB-F5E95F7E071E}.Release|Any CPU.Build.0 = Release|Any CPU
	EndGlobalSection
	GlobalSection(SolutionProperties) = preSolution
		HideSolutionNode = FALSE
	EndGlobalSection
	GlobalSection(ExtensibilityGlobals) = postSolution
		SolutionGuid = {06DCDB71-14A0-4A80-B246-41BE53AF59E6}
	EndGlobalSection
EndGlobal
